
Microsoft Visual Studio Solution File, Format Version 12.00
Project("{FAE04EC0-301F-11D3-BF4B-00C04F79EFBC}") = "MoeDevelops.XmlFileLib", "MoeDevelops.XmlFileLib\MoeDevelops.XmlFileLib.csproj", "{9F9997CB-5510-44B1-9C25-00B67B6D9F75}"
EndProject
Project("{FAE04EC0-301F-11D3-BF4B-00C04F79EFBC}") = "MoeDevelops.XmlFileLib.Test", "MoeDevelops.XmlFileLib.Test\MoeDevelops.XmlFileLib.Test.csproj", "{84DAD425-54F9-48C4-B738-15022433C9B9}"
EndProject
Global
	GlobalSection(SolutionConfigurationPlatforms) = preSolution
		Debug|Any CPU = Debug|Any CPU
		Release|Any CPU = Release|Any CPU
	EndGlobalSection
	GlobalSection(ProjectConfigurationPlatforms) = postSolution
		{9F9997CB-5510-44B1-9C25-00B67B6D9F75}.Debug|Any CPU.ActiveCfg = Debug|Any CPU
		{9F9997CB-5510-44B1-9C25-00B67B6D9F75}.Debug|Any CPU.Build.0 = Debug|Any CPU
		{9F9997CB-5510-44B1-9C25-00B67B6D9F75}.Release|Any CPU.ActiveCfg = Release|Any CPU
		{9F9997CB-5510-44B1-9C25-00B67B6D9F75}.Release|Any CPU.Build.0 = Release|Any CPU
		{84DAD425-54F9-48C4-B738-15022433C9B9}.Debug|Any CPU.ActiveCfg = Debug|Any CPU
		{84DAD425-54F9-48C4-B738-15022433C9B9}.Debug|Any CPU.Build.0 = Debug|Any CPU
		{84DAD425-54F9-48C4-B738-15022433C9B9}.Release|Any CPU.ActiveCfg = Release|Any CPU
		{84DAD425-54F9-48C4-B738-15022433C9B9}.Release|Any CPU.Build.0 = Release|Any CPU
	EndGlobalSection
EndGlobal
